{
  "name": "phoenix",
  "lockfileVersion": 2,
  "requires": true,
  "packages": {
    "": {
      "name": "phoenix",
      "dependencies": {
        "xpath-to-css": "^1.2.0"
      }
    },
    "node_modules/xpath-to-css": {
      "version": "1.2.0",
      "resolved": "https://registry.npmjs.org/xpath-to-css/-/xpath-to-css-1.2.0.tgz",
      "integrity": "sha512-jOSBw4iYbm9inNP0DbQB7cO0tPBfogG3oLA739eTO3WgJXAelLyZcFlCe2W/gBaYXT0pglXN6tJ7svFVaewBmA==",
      "engines": {
        "node": ">=4.0.0"
      }
    }
  },
  "dependencies": {
    "xpath-to-css": {
      "version": "1.2.0",
      "resolved": "https://registry.npmjs.org/xpath-to-css/-/xpath-to-css-1.2.0.tgz",
      "integrity": "sha512-jOSBw4iYbm9inNP0DbQB7cO0tPBfogG3oLA739eTO3WgJXAelLyZcFlCe2W/gBaYXT0pglXN6tJ7svFVaewBmA=="
    }
  }
}
